<Solution>
  <Folder Name="/src/">
    <Project Path="src/LeaveLite.Application/LeaveLite.Application.csproj" />
    <Project Path="src/LeaveLite.Domain/LeaveLite.Domain.csproj" />
    <Project Path="src/LeaveLite.Infrastructure/LeaveLite.Infrastructure.csproj" />
    <Project Path="src/LeaveLite.Server/LeaveLite.Server.csproj" />
  </Folder>
  <Folder Name="/tests/">
    <Project Path="tests/LeaveLite.Application.UnitTests/LeaveLite.Application.UnitTests.csproj" />
    <Project Path="tests/LeaveLite.Domain.UnitTests/LeaveLite.Domain.UnitTests.csproj" />
    <Project Path="tests/LeaveLite.Server.Tests/LeaveLite.Server.Tests.csproj" />
  </Folder>
</Solution>
